
Microsoft Visual Studio Solution File, Format Version 12.00
# Visual Studio 2013
VisualStudioVersion = 12.0.30110.0
MinimumVisualStudioVersion = 10.0.40219.1
Project("{FAE04EC0-301F-11D3-BF4B-00C04F79EFBC}") = "Andamio.Core", "Andamio.Core\Andamio.Core.csproj", "{A2DA1135-3952-4294-A7F9-E2C35B61F649}"
EndProject
Project("{FAE04EC0-301F-11D3-BF4B-00C04F79EFBC}") = "Andamio.Data", "Andamio.Data\Andamio.Data.csproj", "{97237627-FA51-4D76-9DEF-71793BD903BB}"
EndProject
Project("{FAE04EC0-301F-11D3-BF4B-00C04F79EFBC}") = "Andamio.Security", "Andamio.Security\Andamio.Security.csproj", "{BAF533A6-E579-44B0-98DE-6659F1CA15F1}"
EndProject
Project("{FAE04EC0-301F-11D3-BF4B-00C04F79EFBC}") = "Andamio.Diagnostics", "Andamio.Diagnostics\Andamio.Diagnostics.csproj", "{CCE8DE0D-A3E7-423F-9A52-AF152BC146ED}"
EndProject
Project("{FAE04EC0-301F-11D3-BF4B-00C04F79EFBC}") = "Andamio.Pdf", "Andamio.Pdf\Andamio.Pdf.csproj", "{80E7102C-3FDA-46F1-93D8-A8DFEFC97C85}"
EndProject
Project("{FAE04EC0-301F-11D3-BF4B-00C04F79EFBC}") = "Andamio.Data.Flow", "Andamio.Data.Flow\Andamio.Data.Flow.csproj", "{1B90FCFF-59BE-41B4-B5DB-FD0930A2ED14}"
EndProject
Global
	GlobalSection(SolutionConfigurationPlatforms) = preSolution
		Debug|Any CPU = Debug|Any CPU
		Debug|x86 = Debug|x86
		Release|Any CPU = Release|Any CPU
		Release|x86 = Release|x86
	EndGlobalSection
	GlobalSection(ProjectConfigurationPlatforms) = postSolution
		{A2DA1135-3952-4294-A7F9-E2C35B61F649}.Debug|Any CPU.ActiveCfg = Debug|Any CPU
		{A2DA1135-3952-4294-A7F9-E2C35B61F649}.Debug|Any CPU.Build.0 = Debug|Any CPU
		{A2DA1135-3952-4294-A7F9-E2C35B61F649}.Debug|x86.ActiveCfg = Debug|x86
		{A2DA1135-3952-4294-A7F9-E2C35B61F649}.Debug|x86.Build.0 = Debug|x86
		{A2DA1135-3952-4294-A7F9-E2C35B61F649}.Release|Any CPU.ActiveCfg = Release|Any CPU
		{A2DA1135-3952-4294-A7F9-E2C35B61F649}.Release|Any CPU.Build.0 = Release|Any CPU
		{A2DA1135-3952-4294-A7F9-E2C35B61F649}.Release|x86.ActiveCfg = Release|x86
		{A2DA1135-3952-4294-A7F9-E2C35B61F649}.Release|x86.Build.0 = Release|x86
		{97237627-FA51-4D76-9DEF-71793BD903BB}.Debug|Any CPU.ActiveCfg = Debug|Any CPU
		{97237627-FA51-4D76-9DEF-71793BD903BB}.Debug|Any CPU.Build.0 = Debug|Any CPU
		{97237627-FA51-4D76-9DEF-71793BD903BB}.Debug|x86.ActiveCfg = Debug|Any CPU
		{97237627-FA51-4D76-9DEF-71793BD903BB}.Release|Any CPU.ActiveCfg = Release|Any CPU
		{97237627-FA51-4D76-9DEF-71793BD903BB}.Release|Any CPU.Build.0 = Release|Any CPU
		{97237627-FA51-4D76-9DEF-71793BD903BB}.Release|x86.ActiveCfg = Release|Any CPU
		{BAF533A6-E579-44B0-98DE-6659F1CA15F1}.Debug|Any CPU.ActiveCfg = Debug|Any CPU
		{BAF533A6-E579-44B0-98DE-6659F1CA15F1}.Debug|Any CPU.Build.0 = Debug|Any CPU
		{BAF533A6-E579-44B0-98DE-6659F1CA15F1}.Debug|x86.ActiveCfg = Debug|Any CPU
		{BAF533A6-E579-44B0-98DE-6659F1CA15F1}.Release|Any CPU.ActiveCfg = Release|Any CPU
		{BAF533A6-E579-44B0-98DE-6659F1CA15F1}.Release|Any CPU.Build.0 = Release|Any CPU
		{BAF533A6-E579-44B0-98DE-6659F1CA15F1}.Release|x86.ActiveCfg = Release|Any CPU
		{CCE8DE0D-A3E7-423F-9A52-AF152BC146ED}.Debug|Any CPU.ActiveCfg = Debug|Any CPU
		{CCE8DE0D-A3E7-423F-9A52-AF152BC146ED}.Debug|Any CPU.Build.0 = Debug|Any CPU
		{CCE8DE0D-A3E7-423F-9A52-AF152BC146ED}.Debug|x86.ActiveCfg = Debug|Any CPU
		{CCE8DE0D-A3E7-423F-9A52-AF152BC146ED}.Release|Any CPU.ActiveCfg = Release|Any CPU
		{CCE8DE0D-A3E7-423F-9A52-AF152BC146ED}.Release|Any CPU.Build.0 = Release|Any CPU
		{CCE8DE0D-A3E7-423F-9A52-AF152BC146ED}.Release|x86.ActiveCfg = Release|Any CPU
		{80E7102C-3FDA-46F1-93D8-A8DFEFC97C85}.Debug|Any CPU.ActiveCfg = Debug|Any CPU
		{80E7102C-3FDA-46F1-93D8-A8DFEFC97C85}.Debug|Any CPU.Build.0 = Debug|Any CPU
		{80E7102C-3FDA-46F1-93D8-A8DFEFC97C85}.Debug|x86.ActiveCfg = Debug|Any CPU
		{80E7102C-3FDA-46F1-93D8-A8DFEFC97C85}.Release|Any CPU.ActiveCfg = Release|Any CPU
		{80E7102C-3FDA-46F1-93D8-A8DFEFC97C85}.Release|Any CPU.Build.0 = Release|Any CPU
		{80E7102C-3FDA-46F1-93D8-A8DFEFC97C85}.Release|x86.ActiveCfg = Release|Any CPU
		{1B90FCFF-59BE-41B4-B5DB-FD0930A2ED14}.Debug|Any CPU.ActiveCfg = Debug|Any CPU
		{1B90FCFF-59BE-41B4-B5DB-FD0930A2ED14}.Debug|Any CPU.Build.0 = Debug|Any CPU
		{1B90FCFF-59BE-41B4-B5DB-FD0930A2ED14}.Debug|x86.ActiveCfg = Debug|Any CPU
		{1B90FCFF-59BE-41B4-B5DB-FD0930A2ED14}.Release|Any CPU.ActiveCfg = Release|Any CPU
		{1B90FCFF-59BE-41B4-B5DB-FD0930A2ED14}.Release|Any CPU.Build.0 = Release|Any CPU
		{1B90FCFF-59BE-41B4-B5DB-FD0930A2ED14}.Release|x86.ActiveCfg = Release|Any CPU
	EndGlobalSection
	GlobalSection(SolutionProperties) = preSolution
		HideSolutionNode = FALSE
	EndGlobalSection
EndGlobal
